
Microsoft Visual Studio Solution File, Format Version 12.00
# Visual Studio Version 17
VisualStudioVersion = 17.2.32630.192
MinimumVisualStudioVersion = 10.0.40219.1
Project("{2150E333-8FDC-42A3-9474-1A3956D46DE8}") = "src", "src", "{53433930-C44B-4027-9B63-59B0C829403D}"
EndProject
Project("{9A19103F-16F7-4668-BE54-9A1E7A4F7556}") = "DataClassification", "src\DataClassification\DataClassification.csproj", "{26587A5D-A773-4BC5-9B01-41E794D99F76}"
EndProject
Project("{9A19103F-16F7-4668-BE54-9A1E7A4F7556}") = "WebAPI", "src\WebAPI\WebAPI.csproj", "{E8358C55-F963-4F24-A964-D0786853091C}"
EndProject
Global
	GlobalSection(SolutionConfigurationPlatforms) = preSolution
		Debug|Any CPU = Debug|Any CPU
		Release|Any CPU = Release|Any CPU
	EndGlobalSection
	GlobalSection(ProjectConfigurationPlatforms) = postSolution
		{26587A5D-A773-4BC5-9B01-41E794D99F76}.Debug|Any CPU.ActiveCfg = Debug|Any CPU
		{26587A5D-A773-4BC5-9B01-41E794D99F76}.Debug|Any CPU.Build.0 = Debug|Any CPU
		{26587A5D-A773-4BC5-9B01-41E794D99F76}.Release|Any CPU.ActiveCfg = Release|Any CPU
		{26587A5D-A773-4BC5-9B01-41E794D99F76}.Release|Any CPU.Build.0 = Release|Any CPU
		{E8358C55-F963-4F24-A964-D0786853091C}.Debug|Any CPU.ActiveCfg = Debug|Any CPU
		{E8358C55-F963-4F24-A964-D0786853091C}.Debug|Any CPU.Build.0 = Debug|Any CPU
		{E8358C55-F963-4F24-A964-D0786853091C}.Release|Any CPU.ActiveCfg = Release|Any CPU
		{E8358C55-F963-4F24-A964-D0786853091C}.Release|Any CPU.Build.0 = Release|Any CPU
	EndGlobalSection
	GlobalSection(SolutionProperties) = preSolution
		HideSolutionNode = FALSE
	EndGlobalSection
	GlobalSection(NestedProjects) = preSolution
		{26587A5D-A773-4BC5-9B01-41E794D99F76} = {53433930-C44B-4027-9B63-59B0C829403D}
		{E8358C55-F963-4F24-A964-D0786853091C} = {53433930-C44B-4027-9B63-59B0C829403D}
	EndGlobalSection
	GlobalSection(ExtensibilityGlobals) = postSolution
		SolutionGuid = {6D2DE020-04FA-4F0E-9863-03E2DE796139}
	EndGlobalSection
EndGlobal
